
Microsoft Visual Studio Solution File, Format Version 12.00
# Visual Studio Version 17
VisualStudioVersion = 17.3.32901.215
MinimumVisualStudioVersion = 10.0.40219.1
Project("{FAE04EC0-301F-11D3-BF4B-00C04F79EFBC}") = "ConsoleApp28", "ConsoleApp28\ConsoleApp28.csproj", "{37525A7F-0A10-4CFE-A976-0291A1850620}"
EndProject
Global
	GlobalSection(SolutionConfigurationPlatforms) = preSolution
		Debug|Any CPU = Debug|Any CPU
		Release|Any CPU = Release|Any CPU
	EndGlobalSection
	GlobalSection(ProjectConfigurationPlatforms) = postSolution
		{37525A7F-0A10-4CFE-A976-0291A1850620}.Debug|Any CPU.ActiveCfg = Debug|Any CPU
		{37525A7F-0A10-4CFE-A976-0291A1850620}.Debug|Any CPU.Build.0 = Debug|Any CPU
		{37525A7F-0A10-4CFE-A976-0291A1850620}.Release|Any CPU.ActiveCfg = Release|Any CPU
		{37525A7F-0A10-4CFE-A976-0291A1850620}.Release|Any CPU.Build.0 = Release|Any CPU
	EndGlobalSection
	GlobalSection(SolutionProperties) = preSolution
		HideSolutionNode = FALSE
	EndGlobalSection
	GlobalSection(ExtensibilityGlobals) = postSolution
		SolutionGuid = {0787DD62-8D7B-4895-BDAB-2E098840A84F}
	EndGlobalSection
EndGlobal
